// !$*UTF8*$!
{
	archiveVersion = 1;
	classes = {
	};
	objectVersion = 46;
	objects = {

/* Begin PBXBuildFile section */
		BA1083931D4C062C00272F4E /* MyConstraint.swift in Sources */ = {isa = PBXBuildFile; fileRef = BA1083921D4C062C00272F4E /* MyConstraint.swift */; };
		BA7ACD991D08BC1100215D06 /* AppDelegate.swift in Sources */ = {isa = PBXBuildFile; fileRef = BA7ACD981D08BC1100215D06 /* AppDelegate.swift */; };
		BA7ACDA01D08BC1100215D06 /* Assets.xcassets in Resources */ = {isa = PBXBuildFile; fileRef = BA7ACD9F1D08BC1100215D06 /* Assets.xcassets */; };
		BA7ACDA31D08BC1100215D06 /* LaunchScreen.storyboard in Resources */ = {isa = PBXBuildFile; fileRef = BA7ACDA11D08BC1100215D06 /* LaunchScreen.storyboard */; };
		BA7ACDAE1D08BF3F00215D06 /* MainViewController.swift in Sources */ = {isa = PBXBuildFile; fileRef = BA7ACDAD1D08BF3F00215D06 /* MainViewController.swift */; };
		BA7ACDB01D08BF6E00215D06 /* PickerImageView.swift in Sources */ = {isa = PBXBuildFile; fileRef = BA7ACDAF1D08BF6E00215D06 /* PickerImageView.swift */; };
		BAD17F5D1D0A045B0006459F /* Authorizations.swift in Sources */ = {isa = PBXBuildFile; fileRef = BAD17F5C1D0A045B0006459F /* Authorizations.swift */; };
		BAD17F631D0B29CB0006459F /* Alerts.swift in Sources */ = {isa = PBXBuildFile; fileRef = BAD17F621D0B29CB0006459F /* Alerts.swift */; };
/* End PBXBuildFile section */

/* Begin PBXFileReference section */
		BA1083921D4C062C00272F4E /* MyConstraint.swift */ = {isa = PBXFileReference; fileEncoding = 4; lastKnownFileType = sourcecode.swift; path = MyConstraint.swift; sourceTree = "<group>"; };
		BA7ACD951D08BC1100215D06 /* ImagePicker.app */ = {isa = PBXFileReference; explicitFileType = wrapper.application; includeInIndex = 0; path = ImagePicker.app; sourceTree = BUILT_PRODUCTS_DIR; };
		BA7ACD981D08BC1100215D06 /* AppDelegate.swift */ = {isa = PBXFileReference; lastKnownFileType = sourcecode.swift; path = AppDelegate.swift; sourceTree = "<group>"; };
		BA7ACD9F1D08BC1100215D06 /* Assets.xcassets */ = {isa = PBXFileReference; lastKnownFileType = folder.assetcatalog; path = Assets.xcassets; sourceTree = "<group>"; };
		BA7ACDA21D08BC1100215D06 /* Base */ = {isa = PBXFileReference; lastKnownFileType = file.storyboard; name = Base; path = Base.lproj/LaunchScreen.storyboard; sourceTree = "<group>"; };
		BA7ACDA41D08BC1100215D06 /* Info.plist */ = {isa = PBXFileReference; lastKnownFileType = text.plist.xml; path = Info.plist; sourceTree = "<group>"; };
		BA7ACDAD1D08BF3F00215D06 /* MainViewController.swift */ = {isa = PBXFileReference; fileEncoding = 4; lastKnownFileType = sourcecode.swift; path = MainViewController.swift; sourceTree = "<group>"; };
		BA7ACDAF1D08BF6E00215D06 /* PickerImageView.swift */ = {isa = PBXFileReference; fileEncoding = 4; lastKnownFileType = sourcecode.swift; path = PickerImageView.swift; sourceTree = "<group>"; };
		BAD17F5C1D0A045B0006459F /* Authorizations.swift */ = {isa = PBXFileReference; fileEncoding = 4; lastKnownFileType = sourcecode.swift; path = Authorizations.swift; sourceTree = "<group>"; };
		BAD17F621D0B29CB0006459F /* Alerts.swift */ = {isa = PBXFileReference; fileEncoding = 4; lastKnownFileType = sourcecode.swift; path = Alerts.swift; sourceTree = "<group>"; };
/* End PBXFileReference section */

/* Begin PBXFrameworksBuildPhase section */
		BA7ACD921D08BC1100215D06 /* Frameworks */ = {
			isa = PBXFrameworksBuildPhase;
			buildActionMask = 2147483647;
			files = (
			);
			runOnlyForDeploymentPostprocessing = 0;
		};
/* End PBXFrameworksBuildPhase section */

/* Begin PBXGroup section */
		BA1083911D4C05F100272F4E /* Supporting Files */ = {
			isa = PBXGroup;
			children = (
				BAD17F5C1D0A045B0006459F /* Authorizations.swift */,
				BAD17F621D0B29CB0006459F /* Alerts.swift */,
				BA1083921D4C062C00272F4E /* MyConstraint.swift */,
			);
			name = "Supporting Files";
			sourceTree = "<group>";
		};
		BA7ACD8C1D08BC1100215D06 = {
			isa = PBXGroup;
			children = (
				BA7ACD971D08BC1100215D06 /* ImagePicker */,
				BA7ACD961D08BC1100215D06 /* Products */,
			);
			sourceTree = "<group>";
		};
		BA7ACD961D08BC1100215D06 /* Products */ = {
			isa = PBXGroup;
			children = (
				BA7ACD951D08BC1100215D06 /* ImagePicker.app */,
			);
			name = Products;
			sourceTree = "<group>";
		};
		BA7ACD971D08BC1100215D06 /* ImagePicker */ = {
			isa = PBXGroup;
			children = (
				BA7ACDAC1D08BCDF00215D06 /* Models */,
				BA7ACDAB1D08BCD900215D06 /* Views */,
				BA7ACDAA1D08BCCC00215D06 /* Controllers */,
				BA1083911D4C05F100272F4E /* Supporting Files */,
				BA7ACD981D08BC1100215D06 /* AppDelegate.swift */,
				BA7ACDA41D08BC1100215D06 /* Info.plist */,
			);
			path = ImagePicker;
			sourceTree = "<group>";
		};
		BA7ACDAA1D08BCCC00215D06 /* Controllers */ = {
			isa = PBXGroup;
			children = (
				BA7ACDAD1D08BF3F00215D06 /* MainViewController.swift */,
			);
			name = Controllers;
			sourceTree = "<group>";
		};
		BA7ACDAB1D08BCD900215D06 /* Views */ = {
			isa = PBXGroup;
			children = (
				BA7ACDA11D08BC1100215D06 /* LaunchScreen.storyboard */,
				BA7ACD9F1D08BC1100215D06 /* Assets.xcassets */,
				BA7ACDAF1D08BF6E00215D06 /* PickerImageView.swift */,
			);
			name = Views;
			sourceTree = "<group>";
		};
		BA7ACDAC1D08BCDF00215D06 /* Models */ = {
			isa = PBXGroup;
			children = (
			);
			name = Models;
			sourceTree = "<group>";
		};
/* End PBXGroup section */

/* Begin PBXNativeTarget section */
		BA7ACD941D08BC1100215D06 /* ImagePicker */ = {
			isa = PBXNativeTarget;
			buildConfigurationList = BA7ACDA71D08BC1100215D06 /* Build configuration list for PBXNativeTarget "ImagePicker" */;
			buildPhases = (
				BA7ACD911D08BC1100215D06 /* Sources */,
				BA7ACD921D08BC1100215D06 /* Frameworks */,
				BA7ACD931D08BC1100215D06 /* Resources */,
			);
			buildRules = (
			);
			dependencies = (
			);
			name = ImagePicker;
			productName = ImagePicker;
			productReference = BA7ACD951D08BC1100215D06 /* ImagePicker.app */;
			productType = "com.apple.product-type.application";
		};
/* End PBXNativeTarget section */

/* Begin PBXProject section */
		BA7ACD8D1D08BC1100215D06 /* Project object */ = {
			isa = PBXProject;
			attributes = {
				LastSwiftUpdateCheck = 0730;
				LastUpgradeCheck = 0730;
				ORGANIZATIONNAME = "Alexandra Norcross";
				TargetAttributes = {
					BA7ACD941D08BC1100215D06 = {
						CreatedOnToolsVersion = 7.3.1;
					};
				};
			};
			buildConfigurationList = BA7ACD901D08BC1100215D06 /* Build configuration list for PBXProject "ImagePicker" */;
			compatibilityVersion = "Xcode 3.2";
			developmentRegion = English;
			hasScannedForEncodings = 0;
			knownRegions = (
				en,
				Base,
			);
			mainGroup = BA7ACD8C1D08BC1100215D06;
			productRefGroup = BA7ACD961D08BC1100215D06 /* Products */;
			projectDirPath = "";
			projectRoot = "";
			targets = (
				BA7ACD941D08BC1100215D06 /* ImagePicker */,
			);
		};
/* End PBXProject section */

/* Begin PBXResourcesBuildPhase section */
		BA7ACD931D08BC1100215D06 /* Resources */ = {
			isa = PBXResourcesBuildPhase;
			buildActionMask = 2147483647;
			files = (
				BA7ACDA31D08BC1100215D06 /* LaunchScreen.storyboard in Resources */,
				BA7ACDA01D08BC1100215D06 /* Assets.xcassets in Resources */,
			);
			runOnlyForDeploymentPostprocessing = 0;
		};
/* End PBXResourcesBuildPhase section */

/* Begin PBXSourcesBuildPhase section */
		BA7ACD911D08BC1100215D06 /* Sources */ = {
			isa = PBXSourcesBuildPhase;
			buildActionMask = 2147483647;
			files = (
				BA7ACD991D08BC1100215D06 /* AppDelegate.swift in Sources */,
				BAD17F631D0B29CB0006459F /* Alerts.swift in Sources */,
				BA1083931D4C062C00272F4E /* MyConstraint.swift in Sources */,
				BAD17F5D1D0A045B0006459F /* Authorizations.swift in Sources */,
				BA7ACDB01D08BF6E00215D06 /* PickerImageView.swift in Sources */,
				BA7ACDAE1D08BF3F00215D06 /* MainViewController.swift in Sources */,
			);
			runOnlyForDeploymentPostprocessing = 0;
		};
/* End PBXSourcesBuildPhase section */

/* Begin PBXVariantGroup section */
		BA7ACDA11D08BC1100215D06 /* LaunchScreen.storyboard */ = {
			isa = PBXVariantGroup;
			children = (
				BA7ACDA21D08BC1100215D06 /* Base */,
			);
			name = LaunchScreen.storyboard;
			sourceTree = "<group>";
		};
/* End PBXVariantGroup section */

/* Begin XCBuildConfiguration section */
		BA7ACDA51D08BC1100215D06 /* Debug */ = {
			isa = XCBuildConfiguration;
			buildSettings = {
				ALWAYS_SEARCH_USER_PATHS = NO;
				CLANG_ANALYZER_NONNULL = YES;
				CLANG_CXX_LANGUAGE_STANDARD = "gnu++0x";
				CLANG_CXX_LIBRARY = "libc++";
				CLANG_ENABLE_MODULES = YES;
				CLANG_ENABLE_OBJC_ARC = YES;
				CLANG_WARN_BOOL_CONVERSION = YES;
				CLANG_WARN_CONSTANT_CONVERSION = YES;
				CLANG_WARN_DIRECT_OBJC_ISA_USAGE = YES_ERROR;
				CLANG_WARN_EMPTY_BODY = YES;
				CLANG_WARN_ENUM_CONVERSION = YES;
				CLANG_WARN_INT_CONVERSION = YES;
				CLANG_WARN_OBJC_ROOT_CLASS = YES_ERROR;
				CLANG_WARN_UNREACHABLE_CODE = YES;
				CLANG_WARN__DUPLICATE_METHOD_MATCH = YES;
				"CODE_SIGN_IDENTITY[sdk=iphoneos*]" = "iPhone Developer";
				COPY_PHASE_STRIP = NO;
				DEBUG_INFORMATION_FORMAT = dwarf;
				ENABLE_STRICT_OBJC_MSGSEND = YES;
				ENABLE_TESTABILITY = YES;
				GCC_C_LANGUAGE_STANDARD = gnu99;
				GCC_DYNAMIC_NO_PIC = NO;
				GCC_NO_COMMON_BLOCKS = YES;
				GCC_OPTIMIZATION_LEVEL = 0;
				GCC_PREPROCESSOR_DEFINITIONS = (
					"DEBUG=1",
					"$(inherited)",
				);
				GCC_WARN_64_TO_32_BIT_CONVERSION = YES;
				GCC_WARN_ABOUT_RETURN_TYPE = YES_ERROR;
				GCC_WARN_UNDECLARED_SELECTOR = YES;
				GCC_WARN_UNINITIALIZED_AUTOS = YES_AGGRESSIVE;
				GCC_WARN_UNUSED_FUNCTION = YES;
				GCC_WARN_UNUSED_VARIABLE = YES;
				IPHONEOS_DEPLOYMENT_TARGET = 9.3;
				MTL_ENABLE_DEBUG_INFO = YES;
				ONLY_ACTIVE_ARCH = YES;
				SDKROOT = iphoneos;
				SWIFT_OPTIMIZATION_LEVEL = "-Onone";
				TARGETED_DEVICE_FAMILY = "1,2";
			};
			name = Debug;
		};
		BA7ACDA61D08BC1100215D06 /* Release */ = {
			isa = XCBuildConfiguration;
			buildSettings = {
				ALWAYS_SEARCH_USER_PATHS = NO;
				CLANG_ANALYZER_NONNULL = YES;
				CLANG_CXX_LANGUAGE_STANDARD = "gnu++0x";
				CLANG_CXX_LIBRARY = "libc++";
				CLANG_ENABLE_MODULES = YES;
				CLANG_ENABLE_OBJC_ARC = YES;
				CLANG_WARN_BOOL_CONVERSION = YES;
				CLANG_WARN_CONSTANT_CONVERSION = YES;
				CLANG_WARN_DIRECT_OBJC_ISA_USAGE = YES_ERROR;
				CLANG_WARN_EMPTY_BODY = YES;
				CLANG_WARN_ENUM_CONVERSION = YES;
				CLANG_WARN_INT_CONVERSION = YES;
				CLANG_WARN_OBJC_ROOT_CLASS = YES_ERROR;
				CLANG_WARN_UNREACHABLE_CODE = YES;
				CLANG_WARN__DUPLICATE_METHOD_MATCH = YES;
				"CODE_SIGN_IDENTITY[sdk=iphoneos*]" = "iPhone Developer";
				COPY_PHASE_STRIP = NO;
				DEBUG_INFORMATION_FORMAT = "dwarf-with-dsym";
				ENABLE_NS_ASSERTIONS = NO;
				ENABLE_STRICT_OBJC_MSGSEND = YES;
				GCC_C_LANGUAGE_STANDARD = gnu99;
				GCC_NO_COMMON_BLOCKS = YES;
				GCC_WARN_64_TO_32_BIT_CONVERSION = YES;
				GCC_WARN_ABOUT_RETURN_TYPE = YES_ERROR;
				GCC_WARN_UNDECLARED_SELECTOR = YES;
				GCC_WARN_UNINITIALIZED_AUTOS = YES_AGGRESSIVE;
				GCC_WARN_UNUSED_FUNCTION = YES;
				GCC_WARN_UNUSED_VARIABLE = YES;
				IPHONEOS_DEPLOYMENT_TARGET = 9.3;
				MTL_ENABLE_DEBUG_INFO = NO;
				SDKROOT = iphoneos;
				TARGETED_DEVICE_FAMILY = "1,2";
				VALIDATE_PRODUCT = YES;
			};
			name = Release;
		};
		BA7ACDA81D08BC1100215D06 /* Debug */ = {
			isa = XCBuildConfiguration;
			buildSettings = {
				ASSETCATALOG_COMPILER_APPICON_NAME = AppIcon;
				INFOPLIST_FILE = ImagePicker/Info.plist;
				LD_RUNPATH_SEARCH_PATHS = "$(inherited) @executable_path/Frameworks";
				PRODUCT_BUNDLE_IDENTIFIER = DiBella.ImagePicker;
				PRODUCT_NAME = "$(TARGET_NAME)";
			};
			name = Debug;
		};
		BA7ACDA91D08BC1100215D06 /* Release */ = {
			isa = XCBuildConfiguration;
			buildSettings = {
				ASSETCATALOG_COMPILER_APPICON_NAME = AppIcon;
				INFOPLIST_FILE = ImagePicker/Info.plist;
				LD_RUNPATH_SEARCH_PATHS = "$(inherited) @executable_path/Frameworks";
				PRODUCT_BUNDLE_IDENTIFIER = DiBella.ImagePicker;
				PRODUCT_NAME = "$(TARGET_NAME)";
			};
			name = Release;
		};
/* End XCBuildConfiguration section */

/* Begin XCConfigurationList section */
		BA7ACD901D08BC1100215D06 /* Build configuration list for PBXProject "ImagePicker" */ = {
			isa = XCConfigurationList;
			buildConfigurations = (
				BA7ACDA51D08BC1100215D06 /* Debug */,
				BA7ACDA61D08BC1100215D06 /* Release */,
			);
			defaultConfigurationIsVisible = 0;
			defaultConfigurationName = Release;
		};
		BA7ACDA71D08BC1100215D06 /* Build configuration list for PBXNativeTarget "ImagePicker" */ = {
			isa = XCConfigurationList;
			buildConfigurations = (
				BA7ACDA81D08BC1100215D06 /* Debug */,
				BA7ACDA91D08BC1100215D06 /* Release */,
			);
			defaultConfigurationIsVisible = 0;
			defaultConfigurationName = Release;
		};
/* End XCConfigurationList section */
	};
	rootObject = BA7ACD8D1D08BC1100215D06 /* Project object */;
}
